{
  "version": 4,
  "terraform_version": "1.7.5",
  "serial": 1,
  "lineage": "3a57ecdd-2536-075b-2e31-6dda7fe8a4c4",
  "outputs": {},
  "resources": [
    {
      "mode": "managed",
      "type": "ibm_is_vpc",
      "name": "this",
      "provider": "provider[\"registry.terraform.io/hashicorp/ibm\"]",
      "instances": [
        {
          "schema_version": 0,
          "attributes": {
            "access_tags": [],
            "address_prefix_management": "auto",
            "classic_access": false,
            "crn": "crn:v1:bluemix:public:is:us-south:a/7f75c7b025e54bc5635f754b2f888665::vpc:r006-3f9ae372-3781-48b2-ba08-2782d9a944ca",
            "cse_source_addresses": [
              {
                "address": "10.249.194.146",
                "zone_name": "us-south-1"
              },
              {
                "address": "10.12.162.114",
                "zone_name": "us-south-2"
              },
              {
                "address": "10.12.164.115",
                "zone_name": "us-south-3"
              },
              {
                "address": "10.119.57.19",
                "zone_name": "us-south-4"
              }
            ],
            "default_network_acl": "r006-11827803-f328-48a1-9fc6-34934ced6f2e",
            "default_network_acl_crn": "crn:v1:bluemix:public:is:us-south:a/7f75c7b025e54bc5635f754b2f888665::network-acl:r006-11827803-f328-48a1-9fc6-34934ced6f2e",
            "default_network_acl_name": "sixty-trading-neuron-spinach",
            "default_routing_table": "r006-37726145-75d1-447a-9873-c26bb5722c9b",
            "default_routing_table_crn": "crn:v1:bluemix:public:is:us-south:a/7f75c7b025e54bc5635f754b2f888665::vpc-routing-table:r006-3f9ae372-3781-48b2-ba08-2782d9a944ca/r006-37726145-75d1-447a-9873-c26bb5722c9b",
            "default_routing_table_name": "handheld-require-paying-oxygen",
            "default_security_group": "r006-5dfbac71-de86-41ba-9a43-a0922e83832f",
            "default_security_group_crn": "crn:v1:bluemix:public:is:us-south:a/7f75c7b025e54bc5635f754b2f888665::security-group:r006-5dfbac71-de86-41ba-9a43-a0922e83832f",
            "default_security_group_name": "driveway-creatable-muster-flyover",
            "dns": [
              {
                "enable_hub": false,
                "resolution_binding_count": 0,
                "resolver": [
                  {
                    "configuration": "default",
                    "dns_binding_id": "",
                    "dns_binding_name": "",
                    "manual_servers": [],
                    "servers": [
                      {
                        "address": "161.26.0.10",
                        "zone_affinity": ""
                      },
                      {
                        "address": "161.26.0.11",
                        "zone_affinity": ""
                      }
                    ],
                    "type": "system",
                    "vpc_crn": "",
                    "vpc_id": "",
                    "vpc_name": "",
                    "vpc_remote_account_id": "",
                    "vpc_remote_region": ""
                  }
                ]
              }
            ],
            "health_reasons": [],
            "health_state": "ok",
            "id": "r006-3f9ae372-3781-48b2-ba08-2782d9a944ca",
            "name": "test",
            "no_sg_acl_rules": false,
            "resource_controller_url": "https://cloud.ibm.com/vpc-ext/network/vpcs",
            "resource_crn": "crn:v1:bluemix:public:is:us-south:a/7f75c7b025e54bc5635f754b2f888665::vpc:r006-3f9ae372-3781-48b2-ba08-2782d9a944ca",
            "resource_group": "bdd96715c2a44f2bb60df4ff14a543f5",
            "resource_group_name": "Default",
            "resource_name": "test",
            "resource_status": "available",
            "security_group": [
              {
                "group_id": "r006-5dfbac71-de86-41ba-9a43-a0922e83832f",
                "group_name": "driveway-creatable-muster-flyover",
                "rules": [
                  {
                    "code": 0,
                    "direction": "outbound",
                    "ip_version": "ipv4",
                    "port_max": 0,
                    "port_min": 0,
                    "protocol": "all",
                    "remote": "0.0.0.0/0",
                    "rule_id": "r006-fad7e898-6d4c-4847-a5ce-75ef7a696f1a",
                    "type": 0
                  },
                  {
                    "code": 0,
                    "direction": "inbound",
                    "ip_version": "ipv4",
                    "port_max": 0,
                    "port_min": 0,
                    "protocol": "all",
                    "remote": "r006-5dfbac71-de86-41ba-9a43-a0922e83832f",
                    "rule_id": "r006-ca25fce4-e143-4bdb-8de8-ac1b127050f2",
                    "type": 0
                  }
                ]
              }
            ],
            "status": "available",
            "subnets": [],
            "tags": [],
            "timeouts": null
          },
          "sensitive_attributes": [],
          "private": "eyJlMmJmYjczMC1lY2FhLTExZTYtOGY4OC0zNDM2M2JjN2M0YzAiOnsiY3JlYXRlIjo2MDAwMDAwMDAwMDAsImRlbGV0ZSI6NjAwMDAwMDAwMDAwfX0="
        }
      ]
    }
  ],
  "check_results": null
}
